
Microsoft Visual Studio Solution File, Format Version 12.00
# Visual Studio 15
VisualStudioVersion = 15.0.28307.421
MinimumVisualStudioVersion = 10.0.40219.1
Project("{FAE04EC0-301F-11D3-BF4B-00C04F79EFBC}") = "WordWrap", "WordWrap\WordWrap.csproj", "{757D9BCD-02DE-4A73-92F7-07FB8ECBE2B3}"
EndProject
Project("{FAE04EC0-301F-11D3-BF4B-00C04F79EFBC}") = "WordWrap.Test", "WordWrap.Test\WordWrap.Test.csproj", "{5862E0A8-6543-4AC0-91BB-8534EC669A89}"
EndProject
Global
	GlobalSection(SolutionConfigurationPlatforms) = preSolution
		Debug|Any CPU = Debug|Any CPU
		Release|Any CPU = Release|Any CPU
	EndGlobalSection
	GlobalSection(ProjectConfigurationPlatforms) = postSolution
		{757D9BCD-02DE-4A73-92F7-07FB8ECBE2B3}.Debug|Any CPU.ActiveCfg = Debug|Any CPU
		{757D9BCD-02DE-4A73-92F7-07FB8ECBE2B3}.Debug|Any CPU.Build.0 = Debug|Any CPU
		{757D9BCD-02DE-4A73-92F7-07FB8ECBE2B3}.Release|Any CPU.ActiveCfg = Release|Any CPU
		{757D9BCD-02DE-4A73-92F7-07FB8ECBE2B3}.Release|Any CPU.Build.0 = Release|Any CPU
		{5862E0A8-6543-4AC0-91BB-8534EC669A89}.Debug|Any CPU.ActiveCfg = Debug|Any CPU
		{5862E0A8-6543-4AC0-91BB-8534EC669A89}.Debug|Any CPU.Build.0 = Debug|Any CPU
		{5862E0A8-6543-4AC0-91BB-8534EC669A89}.Release|Any CPU.ActiveCfg = Release|Any CPU
		{5862E0A8-6543-4AC0-91BB-8534EC669A89}.Release|Any CPU.Build.0 = Release|Any CPU
	EndGlobalSection
	GlobalSection(SolutionProperties) = preSolution
		HideSolutionNode = FALSE
	EndGlobalSection
	GlobalSection(ExtensibilityGlobals) = postSolution
		SolutionGuid = {5E47C714-69FC-49A9-B3BD-51CB35788A4D}
	EndGlobalSection
EndGlobal
