
Microsoft Visual Studio Solution File, Format Version 12.00
# Visual Studio 15
VisualStudioVersion = 15.0.28307.852
MinimumVisualStudioVersion = 10.0.40219.1
Project("{FAE04EC0-301F-11D3-BF4B-00C04F79EFBC}") = "BalancedTree", "BalancedTree\BalancedTree.csproj", "{A1FAE991-6282-4301-BE64-1261D623351B}"
EndProject
Project("{FAE04EC0-301F-11D3-BF4B-00C04F79EFBC}") = "BalancedTree.Test", "BalancedTree.Test\BalancedTree.Test.csproj", "{9670FC26-D929-4CFB-9BD7-C764C9BF26AF}"
EndProject
Global
	GlobalSection(SolutionConfigurationPlatforms) = preSolution
		Debug|Any CPU = Debug|Any CPU
		Release|Any CPU = Release|Any CPU
	EndGlobalSection
	GlobalSection(ProjectConfigurationPlatforms) = postSolution
		{A1FAE991-6282-4301-BE64-1261D623351B}.Debug|Any CPU.ActiveCfg = Debug|Any CPU
		{A1FAE991-6282-4301-BE64-1261D623351B}.Debug|Any CPU.Build.0 = Debug|Any CPU
		{A1FAE991-6282-4301-BE64-1261D623351B}.Release|Any CPU.ActiveCfg = Release|Any CPU
		{A1FAE991-6282-4301-BE64-1261D623351B}.Release|Any CPU.Build.0 = Release|Any CPU
		{9670FC26-D929-4CFB-9BD7-C764C9BF26AF}.Debug|Any CPU.ActiveCfg = Debug|Any CPU
		{9670FC26-D929-4CFB-9BD7-C764C9BF26AF}.Debug|Any CPU.Build.0 = Debug|Any CPU
		{9670FC26-D929-4CFB-9BD7-C764C9BF26AF}.Release|Any CPU.ActiveCfg = Release|Any CPU
		{9670FC26-D929-4CFB-9BD7-C764C9BF26AF}.Release|Any CPU.Build.0 = Release|Any CPU
	EndGlobalSection
	GlobalSection(SolutionProperties) = preSolution
		HideSolutionNode = FALSE
	EndGlobalSection
	GlobalSection(ExtensibilityGlobals) = postSolution
		SolutionGuid = {F14F62DD-10B1-4B14-8AA9-56B4F0DEDEC3}
	EndGlobalSection
EndGlobal
