
Microsoft Visual Studio Solution File, Format Version 12.00
# Visual Studio 15
VisualStudioVersion = 15.0.28307.421
MinimumVisualStudioVersion = 10.0.40219.1
Project("{FAE04EC0-301F-11D3-BF4B-00C04F79EFBC}") = "BowlingGame", "BowlingGame\BowlingGame.csproj", "{52790F74-A60B-419C-80DB-B8FEA831F537}"
EndProject
Project("{FAE04EC0-301F-11D3-BF4B-00C04F79EFBC}") = "BowlingGame.Test", "BowlingGame.Test\BowlingGame.Test.csproj", "{35835EB2-EB6B-4971-B410-16F84DEA0A9C}"
EndProject
Global
	GlobalSection(SolutionConfigurationPlatforms) = preSolution
		Debug|Any CPU = Debug|Any CPU
		Release|Any CPU = Release|Any CPU
	EndGlobalSection
	GlobalSection(ProjectConfigurationPlatforms) = postSolution
		{52790F74-A60B-419C-80DB-B8FEA831F537}.Debug|Any CPU.ActiveCfg = Debug|Any CPU
		{52790F74-A60B-419C-80DB-B8FEA831F537}.Debug|Any CPU.Build.0 = Debug|Any CPU
		{52790F74-A60B-419C-80DB-B8FEA831F537}.Release|Any CPU.ActiveCfg = Release|Any CPU
		{52790F74-A60B-419C-80DB-B8FEA831F537}.Release|Any CPU.Build.0 = Release|Any CPU
		{35835EB2-EB6B-4971-B410-16F84DEA0A9C}.Debug|Any CPU.ActiveCfg = Debug|Any CPU
		{35835EB2-EB6B-4971-B410-16F84DEA0A9C}.Debug|Any CPU.Build.0 = Debug|Any CPU
		{35835EB2-EB6B-4971-B410-16F84DEA0A9C}.Release|Any CPU.ActiveCfg = Release|Any CPU
		{35835EB2-EB6B-4971-B410-16F84DEA0A9C}.Release|Any CPU.Build.0 = Release|Any CPU
	EndGlobalSection
	GlobalSection(SolutionProperties) = preSolution
		HideSolutionNode = FALSE
	EndGlobalSection
	GlobalSection(ExtensibilityGlobals) = postSolution
		SolutionGuid = {3F11F6F6-57DA-4F2C-BB9B-DD76B7771FAA}
	EndGlobalSection
EndGlobal
