
Microsoft Visual Studio Solution File, Format Version 12.00
# Visual Studio 15
VisualStudioVersion = 15.0.28307.852
MinimumVisualStudioVersion = 10.0.40219.1
Project("{FAE04EC0-301F-11D3-BF4B-00C04F79EFBC}") = "MaxAreaOfIsland", "MaxAreaOfIsland\MaxAreaOfIsland.csproj", "{40F6DF04-9627-476F-9BB4-29ACD6FF0349}"
EndProject
Project("{FAE04EC0-301F-11D3-BF4B-00C04F79EFBC}") = "MaxAreaOfIsland.Test", "MaxAreaOfIsland.Test\MaxAreaOfIsland.Test.csproj", "{09A65ADE-3E55-4D1E-9C6E-48EDB2B07F2C}"
EndProject
Global
	GlobalSection(SolutionConfigurationPlatforms) = preSolution
		Debug|Any CPU = Debug|Any CPU
		Release|Any CPU = Release|Any CPU
	EndGlobalSection
	GlobalSection(ProjectConfigurationPlatforms) = postSolution
		{40F6DF04-9627-476F-9BB4-29ACD6FF0349}.Debug|Any CPU.ActiveCfg = Debug|Any CPU
		{40F6DF04-9627-476F-9BB4-29ACD6FF0349}.Debug|Any CPU.Build.0 = Debug|Any CPU
		{40F6DF04-9627-476F-9BB4-29ACD6FF0349}.Release|Any CPU.ActiveCfg = Release|Any CPU
		{40F6DF04-9627-476F-9BB4-29ACD6FF0349}.Release|Any CPU.Build.0 = Release|Any CPU
		{09A65ADE-3E55-4D1E-9C6E-48EDB2B07F2C}.Debug|Any CPU.ActiveCfg = Debug|Any CPU
		{09A65ADE-3E55-4D1E-9C6E-48EDB2B07F2C}.Debug|Any CPU.Build.0 = Debug|Any CPU
		{09A65ADE-3E55-4D1E-9C6E-48EDB2B07F2C}.Release|Any CPU.ActiveCfg = Release|Any CPU
		{09A65ADE-3E55-4D1E-9C6E-48EDB2B07F2C}.Release|Any CPU.Build.0 = Release|Any CPU
	EndGlobalSection
	GlobalSection(SolutionProperties) = preSolution
		HideSolutionNode = FALSE
	EndGlobalSection
	GlobalSection(ExtensibilityGlobals) = postSolution
		SolutionGuid = {35A81677-907D-4BDE-A495-D28821A131B7}
	EndGlobalSection
EndGlobal
