
Microsoft Visual Studio Solution File, Format Version 12.00
# Visual Studio 15
VisualStudioVersion = 15.0.28307.421
MinimumVisualStudioVersion = 10.0.40219.1
Project("{FAE04EC0-301F-11D3-BF4B-00C04F79EFBC}") = "WordWrap", "WordWrap\WordWrap.csproj", "{E41D1FA6-8ED6-41C0-8790-C0ABA482FAC4}"
EndProject
Project("{FAE04EC0-301F-11D3-BF4B-00C04F79EFBC}") = "WordWrap.Test", "WordWrap.Test\WordWrap.Test.csproj", "{C61D84DE-E610-462F-8FD9-F005EB097006}"
EndProject
Global
	GlobalSection(SolutionConfigurationPlatforms) = preSolution
		Debug|Any CPU = Debug|Any CPU
		Release|Any CPU = Release|Any CPU
	EndGlobalSection
	GlobalSection(ProjectConfigurationPlatforms) = postSolution
		{E41D1FA6-8ED6-41C0-8790-C0ABA482FAC4}.Debug|Any CPU.ActiveCfg = Debug|Any CPU
		{E41D1FA6-8ED6-41C0-8790-C0ABA482FAC4}.Debug|Any CPU.Build.0 = Debug|Any CPU
		{E41D1FA6-8ED6-41C0-8790-C0ABA482FAC4}.Release|Any CPU.ActiveCfg = Release|Any CPU
		{E41D1FA6-8ED6-41C0-8790-C0ABA482FAC4}.Release|Any CPU.Build.0 = Release|Any CPU
		{C61D84DE-E610-462F-8FD9-F005EB097006}.Debug|Any CPU.ActiveCfg = Debug|Any CPU
		{C61D84DE-E610-462F-8FD9-F005EB097006}.Debug|Any CPU.Build.0 = Debug|Any CPU
		{C61D84DE-E610-462F-8FD9-F005EB097006}.Release|Any CPU.ActiveCfg = Release|Any CPU
		{C61D84DE-E610-462F-8FD9-F005EB097006}.Release|Any CPU.Build.0 = Release|Any CPU
	EndGlobalSection
	GlobalSection(SolutionProperties) = preSolution
		HideSolutionNode = FALSE
	EndGlobalSection
	GlobalSection(ExtensibilityGlobals) = postSolution
		SolutionGuid = {A23A670E-F717-4901-B1D5-92CE4938ACA1}
	EndGlobalSection
EndGlobal
