
Microsoft Visual Studio Solution File, Format Version 12.00
# Visual Studio 15
VisualStudioVersion = 15.0.28307.645
MinimumVisualStudioVersion = 10.0.40219.1
Project("{FAE04EC0-301F-11D3-BF4B-00C04F79EFBC}") = "CompareVersionNumber", "CompareVersionNumber\CompareVersionNumber.csproj", "{E4D39B19-8406-4922-9F1A-8C014D026C92}"
EndProject
Project("{FAE04EC0-301F-11D3-BF4B-00C04F79EFBC}") = "CompareVersionNumber.Test", "CompareVersionNumber.Test\CompareVersionNumber.Test.csproj", "{2AAD18C4-1C96-4BB1-B279-637598C431B6}"
EndProject
Global
	GlobalSection(SolutionConfigurationPlatforms) = preSolution
		Debug|Any CPU = Debug|Any CPU
		Release|Any CPU = Release|Any CPU
	EndGlobalSection
	GlobalSection(ProjectConfigurationPlatforms) = postSolution
		{E4D39B19-8406-4922-9F1A-8C014D026C92}.Debug|Any CPU.ActiveCfg = Debug|Any CPU
		{E4D39B19-8406-4922-9F1A-8C014D026C92}.Debug|Any CPU.Build.0 = Debug|Any CPU
		{E4D39B19-8406-4922-9F1A-8C014D026C92}.Release|Any CPU.ActiveCfg = Release|Any CPU
		{E4D39B19-8406-4922-9F1A-8C014D026C92}.Release|Any CPU.Build.0 = Release|Any CPU
		{2AAD18C4-1C96-4BB1-B279-637598C431B6}.Debug|Any CPU.ActiveCfg = Debug|Any CPU
		{2AAD18C4-1C96-4BB1-B279-637598C431B6}.Debug|Any CPU.Build.0 = Debug|Any CPU
		{2AAD18C4-1C96-4BB1-B279-637598C431B6}.Release|Any CPU.ActiveCfg = Release|Any CPU
		{2AAD18C4-1C96-4BB1-B279-637598C431B6}.Release|Any CPU.Build.0 = Release|Any CPU
	EndGlobalSection
	GlobalSection(SolutionProperties) = preSolution
		HideSolutionNode = FALSE
	EndGlobalSection
	GlobalSection(ExtensibilityGlobals) = postSolution
		SolutionGuid = {B3335029-FF72-4F0C-BFFC-390C72B97DDE}
	EndGlobalSection
EndGlobal
