
Microsoft Visual Studio Solution File, Format Version 12.00
# Visual Studio 15
VisualStudioVersion = 15.0.28307.421
MinimumVisualStudioVersion = 10.0.40219.1
Project("{FAE04EC0-301F-11D3-BF4B-00C04F79EFBC}") = "Sudoku", "Sudoku\Sudoku.csproj", "{FC02573B-EF89-4CFF-9CDC-23FB158129E4}"
EndProject
Project("{FAE04EC0-301F-11D3-BF4B-00C04F79EFBC}") = "Sudoku.Test", "Sudoku.Test\Sudoku.Test.csproj", "{2E5AD0E6-D66E-4CEE-810B-4CA0E514BA64}"
EndProject
Global
	GlobalSection(SolutionConfigurationPlatforms) = preSolution
		Debug|Any CPU = Debug|Any CPU
		Release|Any CPU = Release|Any CPU
	EndGlobalSection
	GlobalSection(ProjectConfigurationPlatforms) = postSolution
		{FC02573B-EF89-4CFF-9CDC-23FB158129E4}.Debug|Any CPU.ActiveCfg = Debug|Any CPU
		{FC02573B-EF89-4CFF-9CDC-23FB158129E4}.Debug|Any CPU.Build.0 = Debug|Any CPU
		{FC02573B-EF89-4CFF-9CDC-23FB158129E4}.Release|Any CPU.ActiveCfg = Release|Any CPU
		{FC02573B-EF89-4CFF-9CDC-23FB158129E4}.Release|Any CPU.Build.0 = Release|Any CPU
		{2E5AD0E6-D66E-4CEE-810B-4CA0E514BA64}.Debug|Any CPU.ActiveCfg = Debug|Any CPU
		{2E5AD0E6-D66E-4CEE-810B-4CA0E514BA64}.Debug|Any CPU.Build.0 = Debug|Any CPU
		{2E5AD0E6-D66E-4CEE-810B-4CA0E514BA64}.Release|Any CPU.ActiveCfg = Release|Any CPU
		{2E5AD0E6-D66E-4CEE-810B-4CA0E514BA64}.Release|Any CPU.Build.0 = Release|Any CPU
	EndGlobalSection
	GlobalSection(SolutionProperties) = preSolution
		HideSolutionNode = FALSE
	EndGlobalSection
	GlobalSection(ExtensibilityGlobals) = postSolution
		SolutionGuid = {512AB45D-6771-46F8-8C6B-331B778111F8}
	EndGlobalSection
EndGlobal
