
Microsoft Visual Studio Solution File, Format Version 12.00
# Visual Studio 15
VisualStudioVersion = 15.0.27428.2037
MinimumVisualStudioVersion = 10.0.40219.1
Project("{FAE04EC0-301F-11D3-BF4B-00C04F79EFBC}") = "WordWrap", "WordWrap\WordWrap.csproj", "{C5ED41A2-E3DE-4223-8139-28F7A617A8DE}"
EndProject
Project("{FAE04EC0-301F-11D3-BF4B-00C04F79EFBC}") = "WordWrap.Test", "WordWrap.Test\WordWrap.Test.csproj", "{9F3D9DB7-CB54-4753-9630-C6DF9F718475}"
EndProject
Global
	GlobalSection(SolutionConfigurationPlatforms) = preSolution
		Debug|Any CPU = Debug|Any CPU
		Release|Any CPU = Release|Any CPU
	EndGlobalSection
	GlobalSection(ProjectConfigurationPlatforms) = postSolution
		{C5ED41A2-E3DE-4223-8139-28F7A617A8DE}.Debug|Any CPU.ActiveCfg = Debug|Any CPU
		{C5ED41A2-E3DE-4223-8139-28F7A617A8DE}.Debug|Any CPU.Build.0 = Debug|Any CPU
		{C5ED41A2-E3DE-4223-8139-28F7A617A8DE}.Release|Any CPU.ActiveCfg = Release|Any CPU
		{C5ED41A2-E3DE-4223-8139-28F7A617A8DE}.Release|Any CPU.Build.0 = Release|Any CPU
		{9F3D9DB7-CB54-4753-9630-C6DF9F718475}.Debug|Any CPU.ActiveCfg = Debug|Any CPU
		{9F3D9DB7-CB54-4753-9630-C6DF9F718475}.Debug|Any CPU.Build.0 = Debug|Any CPU
		{9F3D9DB7-CB54-4753-9630-C6DF9F718475}.Release|Any CPU.ActiveCfg = Release|Any CPU
		{9F3D9DB7-CB54-4753-9630-C6DF9F718475}.Release|Any CPU.Build.0 = Release|Any CPU
	EndGlobalSection
	GlobalSection(SolutionProperties) = preSolution
		HideSolutionNode = FALSE
	EndGlobalSection
	GlobalSection(ExtensibilityGlobals) = postSolution
		SolutionGuid = {1362A523-8C49-4287-907F-F5EE2C752CEA}
	EndGlobalSection
EndGlobal
