
Microsoft Visual Studio Solution File, Format Version 12.00
# Visual Studio 15
VisualStudioVersion = 15.0.28307.645
MinimumVisualStudioVersion = 10.0.40219.1
Project("{FAE04EC0-301F-11D3-BF4B-00C04F79EFBC}") = "MaxBinaryTree", "MaxBinaryTree\MaxBinaryTree.csproj", "{9DEBF153-31AD-40E1-B864-AB375EC2A6F7}"
EndProject
Project("{FAE04EC0-301F-11D3-BF4B-00C04F79EFBC}") = "MaxBinaryTree.Test", "MaxBinaryTree.Test\MaxBinaryTree.Test.csproj", "{15F8D64C-8356-407C-BDE2-FB8FD4AFFE0F}"
EndProject
Global
	GlobalSection(SolutionConfigurationPlatforms) = preSolution
		Debug|Any CPU = Debug|Any CPU
		Release|Any CPU = Release|Any CPU
	EndGlobalSection
	GlobalSection(ProjectConfigurationPlatforms) = postSolution
		{9DEBF153-31AD-40E1-B864-AB375EC2A6F7}.Debug|Any CPU.ActiveCfg = Debug|Any CPU
		{9DEBF153-31AD-40E1-B864-AB375EC2A6F7}.Debug|Any CPU.Build.0 = Debug|Any CPU
		{9DEBF153-31AD-40E1-B864-AB375EC2A6F7}.Release|Any CPU.ActiveCfg = Release|Any CPU
		{9DEBF153-31AD-40E1-B864-AB375EC2A6F7}.Release|Any CPU.Build.0 = Release|Any CPU
		{15F8D64C-8356-407C-BDE2-FB8FD4AFFE0F}.Debug|Any CPU.ActiveCfg = Debug|Any CPU
		{15F8D64C-8356-407C-BDE2-FB8FD4AFFE0F}.Debug|Any CPU.Build.0 = Debug|Any CPU
		{15F8D64C-8356-407C-BDE2-FB8FD4AFFE0F}.Release|Any CPU.ActiveCfg = Release|Any CPU
		{15F8D64C-8356-407C-BDE2-FB8FD4AFFE0F}.Release|Any CPU.Build.0 = Release|Any CPU
	EndGlobalSection
	GlobalSection(SolutionProperties) = preSolution
		HideSolutionNode = FALSE
	EndGlobalSection
	GlobalSection(ExtensibilityGlobals) = postSolution
		SolutionGuid = {EED591B1-321C-4AA1-B784-014CF0C8F615}
	EndGlobalSection
EndGlobal
