
Microsoft Visual Studio Solution File, Format Version 12.00
# Visual Studio 15
VisualStudioVersion = 15.0.28307.645
MinimumVisualStudioVersion = 10.0.40219.1
Project("{FAE04EC0-301F-11D3-BF4B-00C04F79EFBC}") = "CompareVersion", "CompareVersion\CompareVersion.csproj", "{3936FDFE-F3CC-4BC7-81BE-78F4D9851364}"
EndProject
Project("{FAE04EC0-301F-11D3-BF4B-00C04F79EFBC}") = "CompareVersion.Test", "CompareVersion.Test\CompareVersion.Test.csproj", "{0B457D17-0D4E-4C52-BC2A-67521805F787}"
EndProject
Global
	GlobalSection(SolutionConfigurationPlatforms) = preSolution
		Debug|Any CPU = Debug|Any CPU
		Release|Any CPU = Release|Any CPU
	EndGlobalSection
	GlobalSection(ProjectConfigurationPlatforms) = postSolution
		{3936FDFE-F3CC-4BC7-81BE-78F4D9851364}.Debug|Any CPU.ActiveCfg = Debug|Any CPU
		{3936FDFE-F3CC-4BC7-81BE-78F4D9851364}.Debug|Any CPU.Build.0 = Debug|Any CPU
		{3936FDFE-F3CC-4BC7-81BE-78F4D9851364}.Release|Any CPU.ActiveCfg = Release|Any CPU
		{3936FDFE-F3CC-4BC7-81BE-78F4D9851364}.Release|Any CPU.Build.0 = Release|Any CPU
		{0B457D17-0D4E-4C52-BC2A-67521805F787}.Debug|Any CPU.ActiveCfg = Debug|Any CPU
		{0B457D17-0D4E-4C52-BC2A-67521805F787}.Debug|Any CPU.Build.0 = Debug|Any CPU
		{0B457D17-0D4E-4C52-BC2A-67521805F787}.Release|Any CPU.ActiveCfg = Release|Any CPU
		{0B457D17-0D4E-4C52-BC2A-67521805F787}.Release|Any CPU.Build.0 = Release|Any CPU
	EndGlobalSection
	GlobalSection(SolutionProperties) = preSolution
		HideSolutionNode = FALSE
	EndGlobalSection
	GlobalSection(ExtensibilityGlobals) = postSolution
		SolutionGuid = {A31C240C-6FCB-4477-83B7-A463CF8AA2A3}
	EndGlobalSection
EndGlobal
