
Microsoft Visual Studio Solution File, Format Version 12.00
# Visual Studio 15
VisualStudioVersion = 15.0.28307.645
MinimumVisualStudioVersion = 10.0.40219.1
Project("{FAE04EC0-301F-11D3-BF4B-00C04F79EFBC}") = "MaxBinaryTree", "MaxBinaryTree\MaxBinaryTree.csproj", "{448EDAAA-6FE0-4676-A84F-21ECB6D8B11A}"
EndProject
Project("{FAE04EC0-301F-11D3-BF4B-00C04F79EFBC}") = "MaxBinaryTree.Test", "MaxBinaryTree.Test\MaxBinaryTree.Test.csproj", "{03E8F13C-34C5-42BE-8450-73669D96A989}"
EndProject
Global
	GlobalSection(SolutionConfigurationPlatforms) = preSolution
		Debug|Any CPU = Debug|Any CPU
		Release|Any CPU = Release|Any CPU
	EndGlobalSection
	GlobalSection(ProjectConfigurationPlatforms) = postSolution
		{448EDAAA-6FE0-4676-A84F-21ECB6D8B11A}.Debug|Any CPU.ActiveCfg = Debug|Any CPU
		{448EDAAA-6FE0-4676-A84F-21ECB6D8B11A}.Debug|Any CPU.Build.0 = Debug|Any CPU
		{448EDAAA-6FE0-4676-A84F-21ECB6D8B11A}.Release|Any CPU.ActiveCfg = Release|Any CPU
		{448EDAAA-6FE0-4676-A84F-21ECB6D8B11A}.Release|Any CPU.Build.0 = Release|Any CPU
		{03E8F13C-34C5-42BE-8450-73669D96A989}.Debug|Any CPU.ActiveCfg = Debug|Any CPU
		{03E8F13C-34C5-42BE-8450-73669D96A989}.Debug|Any CPU.Build.0 = Debug|Any CPU
		{03E8F13C-34C5-42BE-8450-73669D96A989}.Release|Any CPU.ActiveCfg = Release|Any CPU
		{03E8F13C-34C5-42BE-8450-73669D96A989}.Release|Any CPU.Build.0 = Release|Any CPU
	EndGlobalSection
	GlobalSection(SolutionProperties) = preSolution
		HideSolutionNode = FALSE
	EndGlobalSection
	GlobalSection(ExtensibilityGlobals) = postSolution
		SolutionGuid = {F7FB16DC-177B-4AC1-9885-ADC0CAAA99E0}
	EndGlobalSection
EndGlobal
