
Microsoft Visual Studio Solution File, Format Version 12.00
# Visual Studio 15
VisualStudioVersion = 15.0.28307.421
MinimumVisualStudioVersion = 10.0.40219.1
Project("{FAE04EC0-301F-11D3-BF4B-00C04F79EFBC}") = "BowlingGame", "BowlingGame\BowlingGame.csproj", "{FC952F09-1383-4540-B23E-025C18D0CEA0}"
EndProject
Project("{FAE04EC0-301F-11D3-BF4B-00C04F79EFBC}") = "BowlingGame.Test", "BowlingGame.Test\BowlingGame.Test.csproj", "{AD137599-A361-4E48-9A2D-AC9FA2947632}"
EndProject
Global
	GlobalSection(SolutionConfigurationPlatforms) = preSolution
		Debug|Any CPU = Debug|Any CPU
		Release|Any CPU = Release|Any CPU
	EndGlobalSection
	GlobalSection(ProjectConfigurationPlatforms) = postSolution
		{FC952F09-1383-4540-B23E-025C18D0CEA0}.Debug|Any CPU.ActiveCfg = Debug|Any CPU
		{FC952F09-1383-4540-B23E-025C18D0CEA0}.Debug|Any CPU.Build.0 = Debug|Any CPU
		{FC952F09-1383-4540-B23E-025C18D0CEA0}.Release|Any CPU.ActiveCfg = Release|Any CPU
		{FC952F09-1383-4540-B23E-025C18D0CEA0}.Release|Any CPU.Build.0 = Release|Any CPU
		{AD137599-A361-4E48-9A2D-AC9FA2947632}.Debug|Any CPU.ActiveCfg = Debug|Any CPU
		{AD137599-A361-4E48-9A2D-AC9FA2947632}.Debug|Any CPU.Build.0 = Debug|Any CPU
		{AD137599-A361-4E48-9A2D-AC9FA2947632}.Release|Any CPU.ActiveCfg = Release|Any CPU
		{AD137599-A361-4E48-9A2D-AC9FA2947632}.Release|Any CPU.Build.0 = Release|Any CPU
	EndGlobalSection
	GlobalSection(SolutionProperties) = preSolution
		HideSolutionNode = FALSE
	EndGlobalSection
	GlobalSection(ExtensibilityGlobals) = postSolution
		SolutionGuid = {F6EB4814-2A01-4AB2-94FE-CA1C6A7FB762}
	EndGlobalSection
EndGlobal
