
Microsoft Visual Studio Solution File, Format Version 12.00
# Visual Studio 15
VisualStudioVersion = 15.0.27428.2037
MinimumVisualStudioVersion = 10.0.40219.1
Project("{FAE04EC0-301F-11D3-BF4B-00C04F79EFBC}") = "WordWrap", "WordWrap\WordWrap.csproj", "{D1409E9A-CEB6-4DA7-AE3A-EB806854D4E4}"
EndProject
Project("{FAE04EC0-301F-11D3-BF4B-00C04F79EFBC}") = "WordWrap.Test", "WordWrap.Test\WordWrap.Test.csproj", "{ACB217E4-9773-4B04-804D-01C8D96A4FD0}"
EndProject
Global
	GlobalSection(SolutionConfigurationPlatforms) = preSolution
		Debug|Any CPU = Debug|Any CPU
		Release|Any CPU = Release|Any CPU
	EndGlobalSection
	GlobalSection(ProjectConfigurationPlatforms) = postSolution
		{D1409E9A-CEB6-4DA7-AE3A-EB806854D4E4}.Debug|Any CPU.ActiveCfg = Debug|Any CPU
		{D1409E9A-CEB6-4DA7-AE3A-EB806854D4E4}.Debug|Any CPU.Build.0 = Debug|Any CPU
		{D1409E9A-CEB6-4DA7-AE3A-EB806854D4E4}.Release|Any CPU.ActiveCfg = Release|Any CPU
		{D1409E9A-CEB6-4DA7-AE3A-EB806854D4E4}.Release|Any CPU.Build.0 = Release|Any CPU
		{ACB217E4-9773-4B04-804D-01C8D96A4FD0}.Debug|Any CPU.ActiveCfg = Debug|Any CPU
		{ACB217E4-9773-4B04-804D-01C8D96A4FD0}.Debug|Any CPU.Build.0 = Debug|Any CPU
		{ACB217E4-9773-4B04-804D-01C8D96A4FD0}.Release|Any CPU.ActiveCfg = Release|Any CPU
		{ACB217E4-9773-4B04-804D-01C8D96A4FD0}.Release|Any CPU.Build.0 = Release|Any CPU
	EndGlobalSection
	GlobalSection(SolutionProperties) = preSolution
		HideSolutionNode = FALSE
	EndGlobalSection
	GlobalSection(ExtensibilityGlobals) = postSolution
		SolutionGuid = {60D76F67-EA85-4D93-AF0D-358212CA354D}
	EndGlobalSection
EndGlobal
